
Microsoft Visual Studio Solution File, Format Version 11.00
# Visual Studio 2010
Project("{8BC9CEB8-8B4A-11D0-8D11-00A0C91BC942}") = "OS_Scheduler_Simulator", "OS_Scheduler_Simulator\OS_Scheduler_Simulator.vcxproj", "{1F3389F3-A8EC-4778-8FA9-FC87345BF57B}"
EndProject
Project("{8BC9CEB8-8B4A-11D0-8D11-00A0C91BC942}") = "algo_fcfs", "algo_fcfs\algo_fcfs.vcxproj", "{D6CEDA9A-A9B8-493A-85D1-D679247C9319}"
EndProject
Project("{8BC9CEB8-8B4A-11D0-8D11-00A0C91BC942}") = "algo_rr", "algo_rr\algo_rr.vcxproj", "{B367A99B-E15B-4ED6-BFA7-A5C05B50592D}"
EndProject
Project("{8BC9CEB8-8B4A-11D0-8D11-00A0C91BC942}") = "algo_sjf", "algo_sjf\algo_sjf.vcxproj", "{04701F51-1EF4-47AE-9295-A464FB3F768D}"
EndProject
Project("{8BC9CEB8-8B4A-11D0-8D11-00A0C91BC942}") = "algo_srtf", "algo_srtf\algo_srtf.vcxproj", "{CBA74F4B-7F19-4406-983E-536F21DA0098}"
EndProject
Global
	GlobalSection(SolutionConfigurationPlatforms) = preSolution
		Debug|Win32 = Debug|Win32
		Release|Win32 = Release|Win32
	EndGlobalSection
	GlobalSection(ProjectConfigurationPlatforms) = postSolution
		{1F3389F3-A8EC-4778-8FA9-FC87345BF57B}.Debug|Win32.ActiveCfg = Debug|Win32
		{1F3389F3-A8EC-4778-8FA9-FC87345BF57B}.Debug|Win32.Build.0 = Debug|Win32
		{1F3389F3-A8EC-4778-8FA9-FC87345BF57B}.Release|Win32.ActiveCfg = Release|Win32
		{1F3389F3-A8EC-4778-8FA9-FC87345BF57B}.Release|Win32.Build.0 = Release|Win32
		{D6CEDA9A-A9B8-493A-85D1-D679247C9319}.Debug|Win32.ActiveCfg = Debug|Win32
		{D6CEDA9A-A9B8-493A-85D1-D679247C9319}.Debug|Win32.Build.0 = Debug|Win32
		{D6CEDA9A-A9B8-493A-85D1-D679247C9319}.Release|Win32.ActiveCfg = Release|Win32
		{D6CEDA9A-A9B8-493A-85D1-D679247C9319}.Release|Win32.Build.0 = Release|Win32
		{B367A99B-E15B-4ED6-BFA7-A5C05B50592D}.Debug|Win32.ActiveCfg = Debug|Win32
		{B367A99B-E15B-4ED6-BFA7-A5C05B50592D}.Debug|Win32.Build.0 = Debug|Win32
		{B367A99B-E15B-4ED6-BFA7-A5C05B50592D}.Release|Win32.ActiveCfg = Release|Win32
		{B367A99B-E15B-4ED6-BFA7-A5C05B50592D}.Release|Win32.Build.0 = Release|Win32
		{04701F51-1EF4-47AE-9295-A464FB3F768D}.Debug|Win32.ActiveCfg = Debug|Win32
		{04701F51-1EF4-47AE-9295-A464FB3F768D}.Debug|Win32.Build.0 = Debug|Win32
		{04701F51-1EF4-47AE-9295-A464FB3F768D}.Release|Win32.ActiveCfg = Release|Win32
		{04701F51-1EF4-47AE-9295-A464FB3F768D}.Release|Win32.Build.0 = Release|Win32
		{CBA74F4B-7F19-4406-983E-536F21DA0098}.Debug|Win32.ActiveCfg = Debug|Win32
		{CBA74F4B-7F19-4406-983E-536F21DA0098}.Debug|Win32.Build.0 = Debug|Win32
		{CBA74F4B-7F19-4406-983E-536F21DA0098}.Release|Win32.ActiveCfg = Release|Win32
		{CBA74F4B-7F19-4406-983E-536F21DA0098}.Release|Win32.Build.0 = Release|Win32
	EndGlobalSection
	GlobalSection(SolutionProperties) = preSolution
		HideSolutionNode = FALSE
	EndGlobalSection
EndGlobal
